# THIS IS AN AUTOGENERATED FILE. DO NOT EDIT THIS FILE DIRECTLY.
# yarn lockfile v1


"@types/node@*":
  version "15.0.1"
  resolved "https://registry.yarnpkg.com/@types/node/-/node-15.0.1.tgz#ef34dea0881028d11398be5bf4e856743e3dc35a"
  integrity sha512-TMkXt0Ck1y0KKsGr9gJtWGjttxlZnnvDtphxUOSd0bfaR6Q1jle+sPvrzNR1urqYTWMinoKvjKfXUGsumaO1PA==

"@types/nodemailer@^6.4.1":
  version "6.4.1"
  resolved "https://registry.yarnpkg.com/@types/nodemailer/-/nodemailer-6.4.1.tgz#31f96f4410632f781d3613bd1f4293649e423f75"
  integrity sha512-8081UY/0XTTDpuGqCnDc8IY+Q3DSg604wB3dBH0CaZlj4nZWHWuxtZ3NRZ9c9WUrz1Vfm6wioAUnqL3bsh49uQ==
  dependencies:
    "@types/node" "*"

nodemailer@^6.6.0:
  version "6.6.0"
  resolved "https://registry.yarnpkg.com/nodemailer/-/nodemailer-6.6.0.tgz#ed47bb572b48d9d0dca3913fdc156203f438f427"
  integrity sha512-ikSMDU1nZqpo2WUPE0wTTw/NGGImTkwpJKDIFPZT+YvvR9Sj+ze5wzu95JHkBMglQLoG2ITxU21WukCC/XsFkg==
